
Microsoft Visual Studio Solution File, Format Version 12.00
# Visual Studio Version 16
VisualStudioVersion = 16.0.30711.63
MinimumVisualStudioVersion = 10.0.40219.1
Project("{FAE04EC0-301F-11D3-BF4B-00C04F79EFBC}") = "TianyuanDeng.TaskManagement.API", "TianyuanDeng.TaskManagement.API\TianyuanDeng.TaskManagement.API.csproj", "{42D06557-EA0A-4588-8A10-C13AE14070D0}"
EndProject
Project("{FAE04EC0-301F-11D3-BF4B-00C04F79EFBC}") = "TianyuanDeng.TaskManagement.Core", "TianyuanDeng.TaskManagement.Core\TianyuanDeng.TaskManagement.Core.csproj", "{79EB4FB1-2DF2-4773-89C1-AA8DF0A41E72}"
EndProject
Project("{FAE04EC0-301F-11D3-BF4B-00C04F79EFBC}") = "TianyuanDeng.TaskManagement.Infrastructure", "TianyuanDeng.TaskManagement.Infrastructure\TianyuanDeng.TaskManagement.Infrastructure.csproj", "{7E3D76DB-5C79-4CD5-B1E6-CDCC96DE3F3D}"
EndProject
Global
	GlobalSection(SolutionConfigurationPlatforms) = preSolution
		Debug|Any CPU = Debug|Any CPU
		Release|Any CPU = Release|Any CPU
	EndGlobalSection
	GlobalSection(ProjectConfigurationPlatforms) = postSolution
		{42D06557-EA0A-4588-8A10-C13AE14070D0}.Debug|Any CPU.ActiveCfg = Debug|Any CPU
		{42D06557-EA0A-4588-8A10-C13AE14070D0}.Debug|Any CPU.Build.0 = Debug|Any CPU
		{42D06557-EA0A-4588-8A10-C13AE14070D0}.Release|Any CPU.ActiveCfg = Release|Any CPU
		{42D06557-EA0A-4588-8A10-C13AE14070D0}.Release|Any CPU.Build.0 = Release|Any CPU
		{79EB4FB1-2DF2-4773-89C1-AA8DF0A41E72}.Debug|Any CPU.ActiveCfg = Debug|Any CPU
		{79EB4FB1-2DF2-4773-89C1-AA8DF0A41E72}.Debug|Any CPU.Build.0 = Debug|Any CPU
		{79EB4FB1-2DF2-4773-89C1-AA8DF0A41E72}.Release|Any CPU.ActiveCfg = Release|Any CPU
		{79EB4FB1-2DF2-4773-89C1-AA8DF0A41E72}.Release|Any CPU.Build.0 = Release|Any CPU
		{7E3D76DB-5C79-4CD5-B1E6-CDCC96DE3F3D}.Debug|Any CPU.ActiveCfg = Debug|Any CPU
		{7E3D76DB-5C79-4CD5-B1E6-CDCC96DE3F3D}.Debug|Any CPU.Build.0 = Debug|Any CPU
		{7E3D76DB-5C79-4CD5-B1E6-CDCC96DE3F3D}.Release|Any CPU.ActiveCfg = Release|Any CPU
		{7E3D76DB-5C79-4CD5-B1E6-CDCC96DE3F3D}.Release|Any CPU.Build.0 = Release|Any CPU
	EndGlobalSection
	GlobalSection(SolutionProperties) = preSolution
		HideSolutionNode = FALSE
	EndGlobalSection
	GlobalSection(ExtensibilityGlobals) = postSolution
		SolutionGuid = {C627660A-EB1A-4EEE-A54C-CC1693F41D34}
	EndGlobalSection
EndGlobal
